// !$*UTF8*$!
{
	archiveVersion = 1;
	classes = {
	};
	objectVersion = 46;
	objects = {

/* Begin PBXBuildFile section */
		FF648BDF1ED3D83200075213 /* main.m in Sources */ = {isa = PBXBuildFile; fileRef = FF648BDE1ED3D83200075213 /* main.m */; };
		FF648BE21ED3D83200075213 /* AppDelegate.m in Sources */ = {isa = PBXBuildFile; fileRef = FF648BE11ED3D83200075213 /* AppDelegate.m */; };
		FF648BE51ED3D83200075213 /* ViewController.m in Sources */ = {isa = PBXBuildFile; fileRef = FF648BE41ED3D83200075213 /* ViewController.m */; };
		FF648BEA1ED3D83200075213 /* Assets.xcassets in Resources */ = {isa = PBXBuildFile; fileRef = FF648BE91ED3D83200075213 /* Assets.xcassets */; };
		FF648BED1ED3D83200075213 /* LaunchScreen.storyboard in Resources */ = {isa = PBXBuildFile; fileRef = FF648BEB1ED3D83200075213 /* LaunchScreen.storyboard */; };
		FF648BF81ED3D83200075213 /* WKWebViewDemoTests.m in Sources */ = {isa = PBXBuildFile; fileRef = FF648BF71ED3D83200075213 /* WKWebViewDemoTests.m */; };
		FF648C031ED3D83200075213 /* WKWebViewDemoUITests.m in Sources */ = {isa = PBXBuildFile; fileRef = FF648C021ED3D83200075213 /* WKWebViewDemoUITests.m */; };
		FF648C1F1ED3DD3400075213 /* book.css in Resources */ = {isa = PBXBuildFile; fileRef = FF648C121ED3DD3400075213 /* book.css */; };
		FF648C201ED3DD3400075213 /* 1.png in Resources */ = {isa = PBXBuildFile; fileRef = FF648C141ED3DD3400075213 /* 1.png */; };
		FF648C211ED3DD3400075213 /* 2.png in Resources */ = {isa = PBXBuildFile; fileRef = FF648C151ED3DD3400075213 /* 2.png */; };
		FF648C221ED3DD3400075213 /* 3.png in Resources */ = {isa = PBXBuildFile; fileRef = FF648C161ED3DD3400075213 /* 3.png */; };
		FF648C231ED3DD3400075213 /* index.html in Resources */ = {isa = PBXBuildFile; fileRef = FF648C171ED3DD3400075213 /* index.html */; };
		FF648C241ED3DD3400075213 /* bookblockNew.js in Resources */ = {isa = PBXBuildFile; fileRef = FF648C191ED3DD3400075213 /* bookblockNew.js */; };
		FF648C251ED3DD3400075213 /* bookblockNew.min.js in Resources */ = {isa = PBXBuildFile; fileRef = FF648C1A1ED3DD3400075213 /* bookblockNew.min.js */; };
		FF648C261ED3DD3400075213 /* modernizr.custom.js in Resources */ = {isa = PBXBuildFile; fileRef = FF648C1B1ED3DD3400075213 /* modernizr.custom.js */; };
		FF648C271ED3DD3400075213 /* swipe.js in Resources */ = {isa = PBXBuildFile; fileRef = FF648C1C1ED3DD3400075213 /* swipe.js */; };
		FF648C281ED3DD3400075213 /* touch.js in Resources */ = {isa = PBXBuildFile; fileRef = FF648C1D1ED3DD3400075213 /* touch.js */; };
		FF648C291ED3DD3400075213 /* zepto.min.js in Resources */ = {isa = PBXBuildFile; fileRef = FF648C1E1ED3DD3400075213 /* zepto.min.js */; };
		FF648C2C1ED3E74F00075213 /* WebKit.framework in Frameworks */ = {isa = PBXBuildFile; fileRef = FF648C2B1ED3E74F00075213 /* WebKit.framework */; };
		FF648C2F1ED40C7900075213 /* NewViewController.m in Sources */ = {isa = PBXBuildFile; fileRef = FF648C2E1ED40C7800075213 /* NewViewController.m */; };
/* End PBXBuildFile section */

/* Begin PBXContainerItemProxy section */
		FF648BF41ED3D83200075213 /* PBXContainerItemProxy */ = {
			isa = PBXContainerItemProxy;
			containerPortal = FF648BD21ED3D83200075213 /* Project object */;
			proxyType = 1;
			remoteGlobalIDString = FF648BD91ED3D83200075213;
			remoteInfo = WKWebViewDemo;
		};
		FF648BFF1ED3D83200075213 /* PBXContainerItemProxy */ = {
			isa = PBXContainerItemProxy;
			containerPortal = FF648BD21ED3D83200075213 /* Project object */;
			proxyType = 1;
			remoteGlobalIDString = FF648BD91ED3D83200075213;
			remoteInfo = WKWebViewDemo;
		};
/* End PBXContainerItemProxy section */

/* Begin PBXFileReference section */
		FF648BDA1ED3D83200075213 /* WKWebViewDemo.app */ = {isa = PBXFileReference; explicitFileType = wrapper.application; includeInIndex = 0; path = WKWebViewDemo.app; sourceTree = BUILT_PRODUCTS_DIR; };
		FF648BDE1ED3D83200075213 /* main.m */ = {isa = PBXFileReference; lastKnownFileType = sourcecode.c.objc; path = main.m; sourceTree = "<group>"; };
		FF648BE01ED3D83200075213 /* AppDelegate.h */ = {isa = PBXFileReference; lastKnownFileType = sourcecode.c.h; path = AppDelegate.h; sourceTree = "<group>"; };
		FF648BE11ED3D83200075213 /* AppDelegate.m */ = {isa = PBXFileReference; lastKnownFileType = sourcecode.c.objc; path = AppDelegate.m; sourceTree = "<group>"; };
		FF648BE31ED3D83200075213 /* ViewController.h */ = {isa = PBXFileReference; lastKnownFileType = sourcecode.c.h; path = ViewController.h; sourceTree = "<group>"; };
		FF648BE41ED3D83200075213 /* ViewController.m */ = {isa = PBXFileReference; lastKnownFileType = sourcecode.c.objc; path = ViewController.m; sourceTree = "<group>"; };
		FF648BE91ED3D83200075213 /* Assets.xcassets */ = {isa = PBXFileReference; lastKnownFileType = folder.assetcatalog; path = Assets.xcassets; sourceTree = "<group>"; };
		FF648BEC1ED3D83200075213 /* Base */ = {isa = PBXFileReference; lastKnownFileType = file.storyboard; name = Base; path = Base.lproj/LaunchScreen.storyboard; sourceTree = "<group>"; };
		FF648BEE1ED3D83200075213 /* Info.plist */ = {isa = PBXFileReference; lastKnownFileType = text.plist.xml; path = Info.plist; sourceTree = "<group>"; };
		FF648BF31ED3D83200075213 /* WKWebViewDemoTests.xctest */ = {isa = PBXFileReference; explicitFileType = wrapper.cfbundle; includeInIndex = 0; path = WKWebViewDemoTests.xctest; sourceTree = BUILT_PRODUCTS_DIR; };
		FF648BF71ED3D83200075213 /* WKWebViewDemoTests.m */ = {isa = PBXFileReference; lastKnownFileType = sourcecode.c.objc; path = WKWebViewDemoTests.m; sourceTree = "<group>"; };
		FF648BF91ED3D83200075213 /* Info.plist */ = {isa = PBXFileReference; lastKnownFileType = text.plist.xml; path = Info.plist; sourceTree = "<group>"; };
		FF648BFE1ED3D83200075213 /* WKWebViewDemoUITests.xctest */ = {isa = PBXFileReference; explicitFileType = wrapper.cfbundle; includeInIndex = 0; path = WKWebViewDemoUITests.xctest; sourceTree = BUILT_PRODUCTS_DIR; };
		FF648C021ED3D83200075213 /* WKWebViewDemoUITests.m */ = {isa = PBXFileReference; lastKnownFileType = sourcecode.c.objc; path = WKWebViewDemoUITests.m; sourceTree = "<group>"; };
		FF648C041ED3D83200075213 /* Info.plist */ = {isa = PBXFileReference; lastKnownFileType = text.plist.xml; path = Info.plist; sourceTree = "<group>"; };
		FF648C121ED3DD3400075213 /* book.css */ = {isa = PBXFileReference; fileEncoding = 4; lastKnownFileType = text.css; path = book.css; sourceTree = "<group>"; };
		FF648C141ED3DD3400075213 /* 1.png */ = {isa = PBXFileReference; lastKnownFileType = image.png; path = 1.png; sourceTree = "<group>"; };
		FF648C151ED3DD3400075213 /* 2.png */ = {isa = PBXFileReference; lastKnownFileType = image.png; path = 2.png; sourceTree = "<group>"; };
		FF648C161ED3DD3400075213 /* 3.png */ = {isa = PBXFileReference; lastKnownFileType = image.png; path = 3.png; sourceTree = "<group>"; };
		FF648C171ED3DD3400075213 /* index.html */ = {isa = PBXFileReference; fileEncoding = 4; lastKnownFileType = text.html; path = index.html; sourceTree = "<group>"; };
		FF648C191ED3DD3400075213 /* bookblockNew.js */ = {isa = PBXFileReference; fileEncoding = 4; lastKnownFileType = sourcecode.javascript; path = bookblockNew.js; sourceTree = "<group>"; };
		FF648C1A1ED3DD3400075213 /* bookblockNew.min.js */ = {isa = PBXFileReference; fileEncoding = 4; lastKnownFileType = sourcecode.javascript; path = bookblockNew.min.js; sourceTree = "<group>"; };
		FF648C1B1ED3DD3400075213 /* modernizr.custom.js */ = {isa = PBXFileReference; fileEncoding = 4; lastKnownFileType = sourcecode.javascript; path = modernizr.custom.js; sourceTree = "<group>"; };
		FF648C1C1ED3DD3400075213 /* swipe.js */ = {isa = PBXFileReference; fileEncoding = 4; lastKnownFileType = sourcecode.javascript; path = swipe.js; sourceTree = "<group>"; };
		FF648C1D1ED3DD3400075213 /* touch.js */ = {isa = PBXFileReference; fileEncoding = 4; lastKnownFileType = sourcecode.javascript; path = touch.js; sourceTree = "<group>"; };
		FF648C1E1ED3DD3400075213 /* zepto.min.js */ = {isa = PBXFileReference; fileEncoding = 4; lastKnownFileType = sourcecode.javascript; path = zepto.min.js; sourceTree = "<group>"; };
		FF648C2B1ED3E74F00075213 /* WebKit.framework */ = {isa = PBXFileReference; lastKnownFileType = wrapper.framework; name = WebKit.framework; path = System/Library/Frameworks/WebKit.framework; sourceTree = SDKROOT; };
		FF648C2D1ED40C7800075213 /* NewViewController.h */ = {isa = PBXFileReference; fileEncoding = 4; lastKnownFileType = sourcecode.c.h; path = NewViewController.h; sourceTree = "<group>"; };
		FF648C2E1ED40C7800075213 /* NewViewController.m */ = {isa = PBXFileReference; fileEncoding = 4; lastKnownFileType = sourcecode.c.objc; path = NewViewController.m; sourceTree = "<group>"; };
/* End PBXFileReference section */

/* Begin PBXFrameworksBuildPhase section */
		FF648BD71ED3D83200075213 /* Frameworks */ = {
			isa = PBXFrameworksBuildPhase;
			buildActionMask = 2147483647;
			files = (
				FF648C2C1ED3E74F00075213 /* WebKit.framework in Frameworks */,
			);
			runOnlyForDeploymentPostprocessing = 0;
		};
		FF648BF01ED3D83200075213 /* Frameworks */ = {
			isa = PBXFrameworksBuildPhase;
			buildActionMask = 2147483647;
			files = (
			);
			runOnlyForDeploymentPostprocessing = 0;
		};
		FF648BFB1ED3D83200075213 /* Frameworks */ = {
			isa = PBXFrameworksBuildPhase;
			buildActionMask = 2147483647;
			files = (
			);
			runOnlyForDeploymentPostprocessing = 0;
		};
/* End PBXFrameworksBuildPhase section */

/* Begin PBXGroup section */
		FF648BD11ED3D83200075213 = {
			isa = PBXGroup;
			children = (
				FF648BDC1ED3D83200075213 /* WKWebViewDemo */,
				FF648BF61ED3D83200075213 /* WKWebViewDemoTests */,
				FF648C011ED3D83200075213 /* WKWebViewDemoUITests */,
				FF648BDB1ED3D83200075213 /* Products */,
				FF648C2A1ED3E74E00075213 /* Frameworks */,
			);
			sourceTree = "<group>";
		};
		FF648BDB1ED3D83200075213 /* Products */ = {
			isa = PBXGroup;
			children = (
				FF648BDA1ED3D83200075213 /* WKWebViewDemo.app */,
				FF648BF31ED3D83200075213 /* WKWebViewDemoTests.xctest */,
				FF648BFE1ED3D83200075213 /* WKWebViewDemoUITests.xctest */,
			);
			name = Products;
			sourceTree = "<group>";
		};
		FF648BDC1ED3D83200075213 /* WKWebViewDemo */ = {
			isa = PBXGroup;
			children = (
				FF648BE01ED3D83200075213 /* AppDelegate.h */,
				FF648BE11ED3D83200075213 /* AppDelegate.m */,
				FF648BE31ED3D83200075213 /* ViewController.h */,
				FF648BE41ED3D83200075213 /* ViewController.m */,
				FF648C2D1ED40C7800075213 /* NewViewController.h */,
				FF648C2E1ED40C7800075213 /* NewViewController.m */,
				FF648C101ED3DD3400075213 /* etzr_resource */,
				FF648BE91ED3D83200075213 /* Assets.xcassets */,
				FF648BEB1ED3D83200075213 /* LaunchScreen.storyboard */,
				FF648BEE1ED3D83200075213 /* Info.plist */,
				FF648BDD1ED3D83200075213 /* Supporting Files */,
			);
			path = WKWebViewDemo;
			sourceTree = "<group>";
		};
		FF648BDD1ED3D83200075213 /* Supporting Files */ = {
			isa = PBXGroup;
			children = (
				FF648BDE1ED3D83200075213 /* main.m */,
			);
			name = "Supporting Files";
			sourceTree = "<group>";
		};
		FF648BF61ED3D83200075213 /* WKWebViewDemoTests */ = {
			isa = PBXGroup;
			children = (
				FF648BF71ED3D83200075213 /* WKWebViewDemoTests.m */,
				FF648BF91ED3D83200075213 /* Info.plist */,
			);
			path = WKWebViewDemoTests;
			sourceTree = "<group>";
		};
		FF648C011ED3D83200075213 /* WKWebViewDemoUITests */ = {
			isa = PBXGroup;
			children = (
				FF648C021ED3D83200075213 /* WKWebViewDemoUITests.m */,
				FF648C041ED3D83200075213 /* Info.plist */,
			);
			path = WKWebViewDemoUITests;
			sourceTree = "<group>";
		};
		FF648C101ED3DD3400075213 /* etzr_resource */ = {
			isa = PBXGroup;
			children = (
				FF648C111ED3DD3400075213 /* css */,
				FF648C131ED3DD3400075213 /* img */,
				FF648C171ED3DD3400075213 /* index.html */,
				FF648C181ED3DD3400075213 /* js */,
			);
			path = etzr_resource;
			sourceTree = "<group>";
		};
		FF648C111ED3DD3400075213 /* css */ = {
			isa = PBXGroup;
			children = (
				FF648C121ED3DD3400075213 /* book.css */,
			);
			path = css;
			sourceTree = "<group>";
		};
		FF648C131ED3DD3400075213 /* img */ = {
			isa = PBXGroup;
			children = (
				FF648C141ED3DD3400075213 /* 1.png */,
				FF648C151ED3DD3400075213 /* 2.png */,
				FF648C161ED3DD3400075213 /* 3.png */,
			);
			path = img;
			sourceTree = "<group>";
		};
		FF648C181ED3DD3400075213 /* js */ = {
			isa = PBXGroup;
			children = (
				FF648C191ED3DD3400075213 /* bookblockNew.js */,
				FF648C1A1ED3DD3400075213 /* bookblockNew.min.js */,
				FF648C1B1ED3DD3400075213 /* modernizr.custom.js */,
				FF648C1C1ED3DD3400075213 /* swipe.js */,
				FF648C1D1ED3DD3400075213 /* touch.js */,
				FF648C1E1ED3DD3400075213 /* zepto.min.js */,
			);
			path = js;
			sourceTree = "<group>";
		};
		FF648C2A1ED3E74E00075213 /* Frameworks */ = {
			isa = PBXGroup;
			children = (
				FF648C2B1ED3E74F00075213 /* WebKit.framework */,
			);
			name = Frameworks;
			sourceTree = "<group>";
		};
/* End PBXGroup section */

/* Begin PBXNativeTarget section */
		FF648BD91ED3D83200075213 /* WKWebViewDemo */ = {
			isa = PBXNativeTarget;
			buildConfigurationList = FF648C071ED3D83200075213 /* Build configuration list for PBXNativeTarget "WKWebViewDemo" */;
			buildPhases = (
				FF648BD61ED3D83200075213 /* Sources */,
				FF648BD71ED3D83200075213 /* Frameworks */,
				FF648BD81ED3D83200075213 /* Resources */,
			);
			buildRules = (
			);
			dependencies = (
			);
			name = WKWebViewDemo;
			productName = WKWebViewDemo;
			productReference = FF648BDA1ED3D83200075213 /* WKWebViewDemo.app */;
			productType = "com.apple.product-type.application";
		};
		FF648BF21ED3D83200075213 /* WKWebViewDemoTests */ = {
			isa = PBXNativeTarget;
			buildConfigurationList = FF648C0A1ED3D83200075213 /* Build configuration list for PBXNativeTarget "WKWebViewDemoTests" */;
			buildPhases = (
				FF648BEF1ED3D83200075213 /* Sources */,
				FF648BF01ED3D83200075213 /* Frameworks */,
				FF648BF11ED3D83200075213 /* Resources */,
			);
			buildRules = (
			);
			dependencies = (
				FF648BF51ED3D83200075213 /* PBXTargetDependency */,
			);
			name = WKWebViewDemoTests;
			productName = WKWebViewDemoTests;
			productReference = FF648BF31ED3D83200075213 /* WKWebViewDemoTests.xctest */;
			productType = "com.apple.product-type.bundle.unit-test";
		};
		FF648BFD1ED3D83200075213 /* WKWebViewDemoUITests */ = {
			isa = PBXNativeTarget;
			buildConfigurationList = FF648C0D1ED3D83200075213 /* Build configuration list for PBXNativeTarget "WKWebViewDemoUITests" */;
			buildPhases = (
				FF648BFA1ED3D83200075213 /* Sources */,
				FF648BFB1ED3D83200075213 /* Frameworks */,
				FF648BFC1ED3D83200075213 /* Resources */,
			);
			buildRules = (
			);
			dependencies = (
				FF648C001ED3D83200075213 /* PBXTargetDependency */,
			);
			name = WKWebViewDemoUITests;
			productName = WKWebViewDemoUITests;
			productReference = FF648BFE1ED3D83200075213 /* WKWebViewDemoUITests.xctest */;
			productType = "com.apple.product-type.bundle.ui-testing";
		};
/* End PBXNativeTarget section */

/* Begin PBXProject section */
		FF648BD21ED3D83200075213 /* Project object */ = {
			isa = PBXProject;
			attributes = {
				LastUpgradeCheck = 0820;
				ORGANIZATIONNAME = "乾坤翰林";
				TargetAttributes = {
					FF648BD91ED3D83200075213 = {
						CreatedOnToolsVersion = 8.2;
						DevelopmentTeam = A3ATZ66V48;
						ProvisioningStyle = Automatic;
					};
					FF648BF21ED3D83200075213 = {
						CreatedOnToolsVersion = 8.2;
						DevelopmentTeam = A3ATZ66V48;
						ProvisioningStyle = Automatic;
						TestTargetID = FF648BD91ED3D83200075213;
					};
					FF648BFD1ED3D83200075213 = {
						CreatedOnToolsVersion = 8.2;
						DevelopmentTeam = A3ATZ66V48;
						ProvisioningStyle = Automatic;
						TestTargetID = FF648BD91ED3D83200075213;
					};
				};
			};
			buildConfigurationList = FF648BD51ED3D83200075213 /* Build configuration list for PBXProject "WKWebViewDemo" */;
			compatibilityVersion = "Xcode 3.2";
			developmentRegion = English;
			hasScannedForEncodings = 0;
			knownRegions = (
				en,
				Base,
			);
			mainGroup = FF648BD11ED3D83200075213;
			productRefGroup = FF648BDB1ED3D83200075213 /* Products */;
			projectDirPath = "";
			projectRoot = "";
			targets = (
				FF648BD91ED3D83200075213 /* WKWebViewDemo */,
				FF648BF21ED3D83200075213 /* WKWebViewDemoTests */,
				FF648BFD1ED3D83200075213 /* WKWebViewDemoUITests */,
			);
		};
/* End PBXProject section */

/* Begin PBXResourcesBuildPhase section */
		FF648BD81ED3D83200075213 /* Resources */ = {
			isa = PBXResourcesBuildPhase;
			buildActionMask = 2147483647;
			files = (
				FF648C271ED3DD3400075213 /* swipe.js in Resources */,
				FF648C291ED3DD3400075213 /* zepto.min.js in Resources */,
				FF648C231ED3DD3400075213 /* index.html in Resources */,
				FF648C281ED3DD3400075213 /* touch.js in Resources */,
				FF648C251ED3DD3400075213 /* bookblockNew.min.js in Resources */,
				FF648BED1ED3D83200075213 /* LaunchScreen.storyboard in Resources */,
				FF648C241ED3DD3400075213 /* bookblockNew.js in Resources */,
				FF648C201ED3DD3400075213 /* 1.png in Resources */,
				FF648C261ED3DD3400075213 /* modernizr.custom.js in Resources */,
				FF648C211ED3DD3400075213 /* 2.png in Resources */,
				FF648C221ED3DD3400075213 /* 3.png in Resources */,
				FF648BEA1ED3D83200075213 /* Assets.xcassets in Resources */,
				FF648C1F1ED3DD3400075213 /* book.css in Resources */,
			);
			runOnlyForDeploymentPostprocessing = 0;
		};
		FF648BF11ED3D83200075213 /* Resources */ = {
			isa = PBXResourcesBuildPhase;
			buildActionMask = 2147483647;
			files = (
			);
			runOnlyForDeploymentPostprocessing = 0;
		};
		FF648BFC1ED3D83200075213 /* Resources */ = {
			isa = PBXResourcesBuildPhase;
			buildActionMask = 2147483647;
			files = (
			);
			runOnlyForDeploymentPostprocessing = 0;
		};
/* End PBXResourcesBuildPhase section */

/* Begin PBXSourcesBuildPhase section */
		FF648BD61ED3D83200075213 /* Sources */ = {
			isa = PBXSourcesBuildPhase;
			buildActionMask = 2147483647;
			files = (
				FF648BE51ED3D83200075213 /* ViewController.m in Sources */,
				FF648BE21ED3D83200075213 /* AppDelegate.m in Sources */,
				FF648BDF1ED3D83200075213 /* main.m in Sources */,
				FF648C2F1ED40C7900075213 /* NewViewController.m in Sources */,
			);
			runOnlyForDeploymentPostprocessing = 0;
		};
		FF648BEF1ED3D83200075213 /* Sources */ = {
			isa = PBXSourcesBuildPhase;
			buildActionMask = 2147483647;
			files = (
				FF648BF81ED3D83200075213 /* WKWebViewDemoTests.m in Sources */,
			);
			runOnlyForDeploymentPostprocessing = 0;
		};
		FF648BFA1ED3D83200075213 /* Sources */ = {
			isa = PBXSourcesBuildPhase;
			buildActionMask = 2147483647;
			files = (
				FF648C031ED3D83200075213 /* WKWebViewDemoUITests.m in Sources */,
			);
			runOnlyForDeploymentPostprocessing = 0;
		};
/* End PBXSourcesBuildPhase section */

/* Begin PBXTargetDependency section */
		FF648BF51ED3D83200075213 /* PBXTargetDependency */ = {
			isa = PBXTargetDependency;
			target = FF648BD91ED3D83200075213 /* WKWebViewDemo */;
			targetProxy = FF648BF41ED3D83200075213 /* PBXContainerItemProxy */;
		};
		FF648C001ED3D83200075213 /* PBXTargetDependency */ = {
			isa = PBXTargetDependency;
			target = FF648BD91ED3D83200075213 /* WKWebViewDemo */;
			targetProxy = FF648BFF1ED3D83200075213 /* PBXContainerItemProxy */;
		};
/* End PBXTargetDependency section */

/* Begin PBXVariantGroup section */
		FF648BEB1ED3D83200075213 /* LaunchScreen.storyboard */ = {
			isa = PBXVariantGroup;
			children = (
				FF648BEC1ED3D83200075213 /* Base */,
			);
			name = LaunchScreen.storyboard;
			sourceTree = "<group>";
		};
/* End PBXVariantGroup section */

/* Begin XCBuildConfiguration section */
		FF648C051ED3D83200075213 /* Debug */ = {
			isa = XCBuildConfiguration;
			buildSettings = {
				ALWAYS_SEARCH_USER_PATHS = NO;
				CLANG_ANALYZER_NONNULL = YES;
				CLANG_CXX_LANGUAGE_STANDARD = "gnu++0x";
				CLANG_CXX_LIBRARY = "libc++";
				CLANG_ENABLE_MODULES = YES;
				CLANG_ENABLE_OBJC_ARC = YES;
				CLANG_WARN_BOOL_CONVERSION = YES;
				CLANG_WARN_CONSTANT_CONVERSION = YES;
				CLANG_WARN_DIRECT_OBJC_ISA_USAGE = YES_ERROR;
				CLANG_WARN_DOCUMENTATION_COMMENTS = YES;
				CLANG_WARN_EMPTY_BODY = YES;
				CLANG_WARN_ENUM_CONVERSION = YES;
				CLANG_WARN_INFINITE_RECURSION = YES;
				CLANG_WARN_INT_CONVERSION = YES;
				CLANG_WARN_OBJC_ROOT_CLASS = YES_ERROR;
				CLANG_WARN_SUSPICIOUS_MOVE = YES;
				CLANG_WARN_UNREACHABLE_CODE = YES;
				CLANG_WARN__DUPLICATE_METHOD_MATCH = YES;
				"CODE_SIGN_IDENTITY[sdk=iphoneos*]" = "iPhone Developer";
				COPY_PHASE_STRIP = NO;
				DEBUG_INFORMATION_FORMAT = dwarf;
				ENABLE_STRICT_OBJC_MSGSEND = YES;
				ENABLE_TESTABILITY = YES;
				GCC_C_LANGUAGE_STANDARD = gnu99;
				GCC_DYNAMIC_NO_PIC = NO;
				GCC_NO_COMMON_BLOCKS = YES;
				GCC_OPTIMIZATION_LEVEL = 0;
				GCC_PREPROCESSOR_DEFINITIONS = (
					"DEBUG=1",
					"$(inherited)",
				);
				GCC_WARN_64_TO_32_BIT_CONVERSION = YES;
				GCC_WARN_ABOUT_RETURN_TYPE = YES_ERROR;
				GCC_WARN_UNDECLARED_SELECTOR = YES;
				GCC_WARN_UNINITIALIZED_AUTOS = YES_AGGRESSIVE;
				GCC_WARN_UNUSED_FUNCTION = YES;
				GCC_WARN_UNUSED_VARIABLE = YES;
				IPHONEOS_DEPLOYMENT_TARGET = 10.2;
				MTL_ENABLE_DEBUG_INFO = YES;
				ONLY_ACTIVE_ARCH = YES;
				SDKROOT = iphoneos;
			};
			name = Debug;
		};
		FF648C061ED3D83200075213 /* Release */ = {
			isa = XCBuildConfiguration;
			buildSettings = {
				ALWAYS_SEARCH_USER_PATHS = NO;
				CLANG_ANALYZER_NONNULL = YES;
				CLANG_CXX_LANGUAGE_STANDARD = "gnu++0x";
				CLANG_CXX_LIBRARY = "libc++";
				CLANG_ENABLE_MODULES = YES;
				CLANG_ENABLE_OBJC_ARC = YES;
				CLANG_WARN_BOOL_CONVERSION = YES;
				CLANG_WARN_CONSTANT_CONVERSION = YES;
				CLANG_WARN_DIRECT_OBJC_ISA_USAGE = YES_ERROR;
				CLANG_WARN_DOCUMENTATION_COMMENTS = YES;
				CLANG_WARN_EMPTY_BODY = YES;
				CLANG_WARN_ENUM_CONVERSION = YES;
				CLANG_WARN_INFINITE_RECURSION = YES;
				CLANG_WARN_INT_CONVERSION = YES;
				CLANG_WARN_OBJC_ROOT_CLASS = YES_ERROR;
				CLANG_WARN_SUSPICIOUS_MOVE = YES;
				CLANG_WARN_UNREACHABLE_CODE = YES;
				CLANG_WARN__DUPLICATE_METHOD_MATCH = YES;
				"CODE_SIGN_IDENTITY[sdk=iphoneos*]" = "iPhone Developer";
				COPY_PHASE_STRIP = NO;
				DEBUG_INFORMATION_FORMAT = "dwarf-with-dsym";
				ENABLE_NS_ASSERTIONS = NO;
				ENABLE_STRICT_OBJC_MSGSEND = YES;
				GCC_C_LANGUAGE_STANDARD = gnu99;
				GCC_NO_COMMON_BLOCKS = YES;
				GCC_WARN_64_TO_32_BIT_CONVERSION = YES;
				GCC_WARN_ABOUT_RETURN_TYPE = YES_ERROR;
				GCC_WARN_UNDECLARED_SELECTOR = YES;
				GCC_WARN_UNINITIALIZED_AUTOS = YES_AGGRESSIVE;
				GCC_WARN_UNUSED_FUNCTION = YES;
				GCC_WARN_UNUSED_VARIABLE = YES;
				IPHONEOS_DEPLOYMENT_TARGET = 10.2;
				MTL_ENABLE_DEBUG_INFO = NO;
				SDKROOT = iphoneos;
				VALIDATE_PRODUCT = YES;
			};
			name = Release;
		};
		FF648C081ED3D83200075213 /* Debug */ = {
			isa = XCBuildConfiguration;
			buildSettings = {
				ASSETCATALOG_COMPILER_APPICON_NAME = AppIcon;
				DEVELOPMENT_TEAM = A3ATZ66V48;
				INFOPLIST_FILE = WKWebViewDemo/Info.plist;
				LD_RUNPATH_SEARCH_PATHS = "$(inherited) @executable_path/Frameworks";
				PRODUCT_BUNDLE_IDENTIFIER = com.qkhl.WKWebViewDemo;
				PRODUCT_NAME = "$(TARGET_NAME)";
			};
			name = Debug;
		};
		FF648C091ED3D83200075213 /* Release */ = {
			isa = XCBuildConfiguration;
			buildSettings = {
				ASSETCATALOG_COMPILER_APPICON_NAME = AppIcon;
				DEVELOPMENT_TEAM = A3ATZ66V48;
				INFOPLIST_FILE = WKWebViewDemo/Info.plist;
				LD_RUNPATH_SEARCH_PATHS = "$(inherited) @executable_path/Frameworks";
				PRODUCT_BUNDLE_IDENTIFIER = com.qkhl.WKWebViewDemo;
				PRODUCT_NAME = "$(TARGET_NAME)";
			};
			name = Release;
		};
		FF648C0B1ED3D83200075213 /* Debug */ = {
			isa = XCBuildConfiguration;
			buildSettings = {
				BUNDLE_LOADER = "$(TEST_HOST)";
				DEVELOPMENT_TEAM = A3ATZ66V48;
				INFOPLIST_FILE = WKWebViewDemoTests/Info.plist;
				LD_RUNPATH_SEARCH_PATHS = "$(inherited) @executable_path/Frameworks @loader_path/Frameworks";
				PRODUCT_BUNDLE_IDENTIFIER = com.qkhl.WKWebViewDemoTests;
				PRODUCT_NAME = "$(TARGET_NAME)";
				TEST_HOST = "$(BUILT_PRODUCTS_DIR)/WKWebViewDemo.app/WKWebViewDemo";
			};
			name = Debug;
		};
		FF648C0C1ED3D83200075213 /* Release */ = {
			isa = XCBuildConfiguration;
			buildSettings = {
				BUNDLE_LOADER = "$(TEST_HOST)";
				DEVELOPMENT_TEAM = A3ATZ66V48;
				INFOPLIST_FILE = WKWebViewDemoTests/Info.plist;
				LD_RUNPATH_SEARCH_PATHS = "$(inherited) @executable_path/Frameworks @loader_path/Frameworks";
				PRODUCT_BUNDLE_IDENTIFIER = com.qkhl.WKWebViewDemoTests;
				PRODUCT_NAME = "$(TARGET_NAME)";
				TEST_HOST = "$(BUILT_PRODUCTS_DIR)/WKWebViewDemo.app/WKWebViewDemo";
			};
			name = Release;
		};
		FF648C0E1ED3D83200075213 /* Debug */ = {
			isa = XCBuildConfiguration;
			buildSettings = {
				DEVELOPMENT_TEAM = A3ATZ66V48;
				INFOPLIST_FILE = WKWebViewDemoUITests/Info.plist;
				LD_RUNPATH_SEARCH_PATHS = "$(inherited) @executable_path/Frameworks @loader_path/Frameworks";
				PRODUCT_BUNDLE_IDENTIFIER = com.qkhl.WKWebViewDemoUITests;
				PRODUCT_NAME = "$(TARGET_NAME)";
				TEST_TARGET_NAME = WKWebViewDemo;
			};
			name = Debug;
		};
		FF648C0F1ED3D83200075213 /* Release */ = {
			isa = XCBuildConfiguration;
			buildSettings = {
				DEVELOPMENT_TEAM = A3ATZ66V48;
				INFOPLIST_FILE = WKWebViewDemoUITests/Info.plist;
				LD_RUNPATH_SEARCH_PATHS = "$(inherited) @executable_path/Frameworks @loader_path/Frameworks";
				PRODUCT_BUNDLE_IDENTIFIER = com.qkhl.WKWebViewDemoUITests;
				PRODUCT_NAME = "$(TARGET_NAME)";
				TEST_TARGET_NAME = WKWebViewDemo;
			};
			name = Release;
		};
/* End XCBuildConfiguration section */

/* Begin XCConfigurationList section */
		FF648BD51ED3D83200075213 /* Build configuration list for PBXProject "WKWebViewDemo" */ = {
			isa = XCConfigurationList;
			buildConfigurations = (
				FF648C051ED3D83200075213 /* Debug */,
				FF648C061ED3D83200075213 /* Release */,
			);
			defaultConfigurationIsVisible = 0;
			defaultConfigurationName = Release;
		};
		FF648C071ED3D83200075213 /* Build configuration list for PBXNativeTarget "WKWebViewDemo" */ = {
			isa = XCConfigurationList;
			buildConfigurations = (
				FF648C081ED3D83200075213 /* Debug */,
				FF648C091ED3D83200075213 /* Release */,
			);
			defaultConfigurationIsVisible = 0;
			defaultConfigurationName = Release;
		};
		FF648C0A1ED3D83200075213 /* Build configuration list for PBXNativeTarget "WKWebViewDemoTests" */ = {
			isa = XCConfigurationList;
			buildConfigurations = (
				FF648C0B1ED3D83200075213 /* Debug */,
				FF648C0C1ED3D83200075213 /* Release */,
			);
			defaultConfigurationIsVisible = 0;
			defaultConfigurationName = Release;
		};
		FF648C0D1ED3D83200075213 /* Build configuration list for PBXNativeTarget "WKWebViewDemoUITests" */ = {
			isa = XCConfigurationList;
			buildConfigurations = (
				FF648C0E1ED3D83200075213 /* Debug */,
				FF648C0F1ED3D83200075213 /* Release */,
			);
			defaultConfigurationIsVisible = 0;
			defaultConfigurationName = Release;
		};
/* End XCConfigurationList section */
	};
	rootObject = FF648BD21ED3D83200075213 /* Project object */;
}
